
Microsoft Visual Studio Solution File, Format Version 12.00
# Visual Studio 15
VisualStudioVersion = 15.0.28010.2041
MinimumVisualStudioVersion = 10.0.40219.1
Project("{FAE04EC0-301F-11D3-BF4B-00C04F79EFBC}") = "BE", "BE\BE.csproj", "{58B4438E-A2E1-422E-BAA4-94AF8EE6D1CB}"
EndProject
Project("{FAE04EC0-301F-11D3-BF4B-00C04F79EFBC}") = "DAL", "DAL\DAL.csproj", "{5094085C-7D8E-4215-9C30-C7F0E278ADC6}"
EndProject
Project("{FAE04EC0-301F-11D3-BF4B-00C04F79EFBC}") = "DS", "DS\DS.csproj", "{68C9DFD3-E769-474A-8817-9B8D4F1FC8F3}"
EndProject
Global
	GlobalSection(SolutionConfigurationPlatforms) = preSolution
		Debug|Any CPU = Debug|Any CPU
		Release|Any CPU = Release|Any CPU
	EndGlobalSection
	GlobalSection(ProjectConfigurationPlatforms) = postSolution
		{58B4438E-A2E1-422E-BAA4-94AF8EE6D1CB}.Debug|Any CPU.ActiveCfg = Debug|Any CPU
		{58B4438E-A2E1-422E-BAA4-94AF8EE6D1CB}.Debug|Any CPU.Build.0 = Debug|Any CPU
		{58B4438E-A2E1-422E-BAA4-94AF8EE6D1CB}.Release|Any CPU.ActiveCfg = Release|Any CPU
		{58B4438E-A2E1-422E-BAA4-94AF8EE6D1CB}.Release|Any CPU.Build.0 = Release|Any CPU
		{5094085C-7D8E-4215-9C30-C7F0E278ADC6}.Debug|Any CPU.ActiveCfg = Debug|Any CPU
		{5094085C-7D8E-4215-9C30-C7F0E278ADC6}.Debug|Any CPU.Build.0 = Debug|Any CPU
		{5094085C-7D8E-4215-9C30-C7F0E278ADC6}.Release|Any CPU.ActiveCfg = Release|Any CPU
		{5094085C-7D8E-4215-9C30-C7F0E278ADC6}.Release|Any CPU.Build.0 = Release|Any CPU
		{68C9DFD3-E769-474A-8817-9B8D4F1FC8F3}.Debug|Any CPU.ActiveCfg = Debug|Any CPU
		{68C9DFD3-E769-474A-8817-9B8D4F1FC8F3}.Debug|Any CPU.Build.0 = Debug|Any CPU
		{68C9DFD3-E769-474A-8817-9B8D4F1FC8F3}.Release|Any CPU.ActiveCfg = Release|Any CPU
		{68C9DFD3-E769-474A-8817-9B8D4F1FC8F3}.Release|Any CPU.Build.0 = Release|Any CPU
	EndGlobalSection
	GlobalSection(SolutionProperties) = preSolution
		HideSolutionNode = FALSE
	EndGlobalSection
	GlobalSection(ExtensibilityGlobals) = postSolution
		SolutionGuid = {B9F82EC2-C1DC-4028-80EA-149C78B69A9A}
	EndGlobalSection
EndGlobal
